
Microsoft Visual Studio Solution File, Format Version 12.00
# Visual Studio Version 17
VisualStudioVersion = 17.4.33213.308
MinimumVisualStudioVersion = 10.0.40219.1
Project("{FAE04EC0-301F-11D3-BF4B-00C04F79EFBC}") = "Appium Example", "Appium Example\Appium Example.csproj", "{B3DB789E-2F83-402B-9528-EA65E96DC4D3}"
EndProject
Global
	GlobalSection(SolutionConfigurationPlatforms) = preSolution
		Debug|Any CPU = Debug|Any CPU
		Release|Any CPU = Release|Any CPU
	EndGlobalSection
	GlobalSection(ProjectConfigurationPlatforms) = postSolution
		{B3DB789E-2F83-402B-9528-EA65E96DC4D3}.Debug|Any CPU.ActiveCfg = Debug|Any CPU
		{B3DB789E-2F83-402B-9528-EA65E96DC4D3}.Debug|Any CPU.Build.0 = Debug|Any CPU
		{B3DB789E-2F83-402B-9528-EA65E96DC4D3}.Release|Any CPU.ActiveCfg = Release|Any CPU
		{B3DB789E-2F83-402B-9528-EA65E96DC4D3}.Release|Any CPU.Build.0 = Release|Any CPU
	EndGlobalSection
	GlobalSection(SolutionProperties) = preSolution
		HideSolutionNode = FALSE
	EndGlobalSection
	GlobalSection(ExtensibilityGlobals) = postSolution
		SolutionGuid = {DCD9F9AD-6743-4096-8249-C532B5C7BC34}
	EndGlobalSection
EndGlobal
